
Microsoft Visual Studio Solution File, Format Version 12.00
# Visual Studio Version 17
VisualStudioVersion = 17.12.35506.116 d17.12
MinimumVisualStudioVersion = 10.0.40219.1
Project("{8BC9CEB8-8B4A-11D0-8D11-00A0C91BC942}") = "01977", "01977\01977.vcxproj", "{0A75CCAD-EA80-437B-871D-00B14DBE35F3}"
EndProject
Project("{8BC9CEB8-8B4A-11D0-8D11-00A0C91BC942}") = "11098", "11098\11098.vcxproj", "{EDD4C192-DB7F-4AB5-B90D-0A38466FB958}"
EndProject
Project("{8BC9CEB8-8B4A-11D0-8D11-00A0C91BC942}") = "05635", "05635\05635.vcxproj", "{1CD45D08-EBCC-419D-B6C8-3E5E0F765227}"
EndProject
Project("{8BC9CEB8-8B4A-11D0-8D11-00A0C91BC942}") = "01408", "01408\01408.vcxproj", "{3AA4301F-C311-4984-848E-E58E29E817AE}"
EndProject
Project("{8BC9CEB8-8B4A-11D0-8D11-00A0C91BC942}") = "02741", "02741\02741.vcxproj", "{C5EFCDD5-BAAE-41AB-AB8A-89363E69BB6C}"
EndProject
Project("{8BC9CEB8-8B4A-11D0-8D11-00A0C91BC942}") = "02742", "02742\02742.vcxproj", "{38AEFC4C-94E8-444F-B075-1BD1E4266196}"
EndProject
Project("{8BC9CEB8-8B4A-11D0-8D11-00A0C91BC942}") = "02739", "02739\02739.vcxproj", "{8AF1E86B-7578-4D2A-BE72-D06F19275449}"
EndProject
Project("{8BC9CEB8-8B4A-11D0-8D11-00A0C91BC942}") = "02438", "02438\02438.vcxproj", "{9F0155D5-F27B-43E5-8A49-AC80B0D42302}"
EndProject
Project("{8BC9CEB8-8B4A-11D0-8D11-00A0C91BC942}") = "02439", "02439\02439.vcxproj", "{1335779B-6F0A-4F8B-B11F-C072114B37A1}"
EndProject
Project("{8BC9CEB8-8B4A-11D0-8D11-00A0C91BC942}") = "02440", "02440\02440.vcxproj", "{D38C4F1C-4767-4A4F-BAE3-F634B6F4AD70}"
EndProject
Global
	GlobalSection(SolutionConfigurationPlatforms) = preSolution
		Debug|x64 = Debug|x64
		Debug|x86 = Debug|x86
		Release|x64 = Release|x64
		Release|x86 = Release|x86
	EndGlobalSection
	GlobalSection(ProjectConfigurationPlatforms) = postSolution
		{0A75CCAD-EA80-437B-871D-00B14DBE35F3}.Debug|x64.ActiveCfg = Debug|x64
		{0A75CCAD-EA80-437B-871D-00B14DBE35F3}.Debug|x64.Build.0 = Debug|x64
		{0A75CCAD-EA80-437B-871D-00B14DBE35F3}.Debug|x86.ActiveCfg = Debug|Win32
		{0A75CCAD-EA80-437B-871D-00B14DBE35F3}.Debug|x86.Build.0 = Debug|Win32
		{0A75CCAD-EA80-437B-871D-00B14DBE35F3}.Release|x64.ActiveCfg = Release|x64
		{0A75CCAD-EA80-437B-871D-00B14DBE35F3}.Release|x64.Build.0 = Release|x64
		{0A75CCAD-EA80-437B-871D-00B14DBE35F3}.Release|x86.ActiveCfg = Release|Win32
		{0A75CCAD-EA80-437B-871D-00B14DBE35F3}.Release|x86.Build.0 = Release|Win32
		{EDD4C192-DB7F-4AB5-B90D-0A38466FB958}.Debug|x64.ActiveCfg = Debug|x64
		{EDD4C192-DB7F-4AB5-B90D-0A38466FB958}.Debug|x64.Build.0 = Debug|x64
		{EDD4C192-DB7F-4AB5-B90D-0A38466FB958}.Debug|x86.ActiveCfg = Debug|Win32
		{EDD4C192-DB7F-4AB5-B90D-0A38466FB958}.Debug|x86.Build.0 = Debug|Win32
		{EDD4C192-DB7F-4AB5-B90D-0A38466FB958}.Release|x64.ActiveCfg = Release|x64
		{EDD4C192-DB7F-4AB5-B90D-0A38466FB958}.Release|x64.Build.0 = Release|x64
		{EDD4C192-DB7F-4AB5-B90D-0A38466FB958}.Release|x86.ActiveCfg = Release|Win32
		{EDD4C192-DB7F-4AB5-B90D-0A38466FB958}.Release|x86.Build.0 = Release|Win32
		{1CD45D08-EBCC-419D-B6C8-3E5E0F765227}.Debug|x64.ActiveCfg = Debug|x64
		{1CD45D08-EBCC-419D-B6C8-3E5E0F765227}.Debug|x64.Build.0 = Debug|x64
		{1CD45D08-EBCC-419D-B6C8-3E5E0F765227}.Debug|x86.ActiveCfg = Debug|Win32
		{1CD45D08-EBCC-419D-B6C8-3E5E0F765227}.Debug|x86.Build.0 = Debug|Win32
		{1CD45D08-EBCC-419D-B6C8-3E5E0F765227}.Release|x64.ActiveCfg = Release|x64
		{1CD45D08-EBCC-419D-B6C8-3E5E0F765227}.Release|x64.Build.0 = Release|x64
		{1CD45D08-EBCC-419D-B6C8-3E5E0F765227}.Release|x86.ActiveCfg = Release|Win32
		{1CD45D08-EBCC-419D-B6C8-3E5E0F765227}.Release|x86.Build.0 = Release|Win32
		{3AA4301F-C311-4984-848E-E58E29E817AE}.Debug|x64.ActiveCfg = Debug|x64
		{3AA4301F-C311-4984-848E-E58E29E817AE}.Debug|x64.Build.0 = Debug|x64
		{3AA4301F-C311-4984-848E-E58E29E817AE}.Debug|x86.ActiveCfg = Debug|Win32
		{3AA4301F-C311-4984-848E-E58E29E817AE}.Debug|x86.Build.0 = Debug|Win32
		{3AA4301F-C311-4984-848E-E58E29E817AE}.Release|x64.ActiveCfg = Release|x64
		{3AA4301F-C311-4984-848E-E58E29E817AE}.Release|x64.Build.0 = Release|x64
		{3AA4301F-C311-4984-848E-E58E29E817AE}.Release|x86.ActiveCfg = Release|Win32
		{3AA4301F-C311-4984-848E-E58E29E817AE}.Release|x86.Build.0 = Release|Win32
		{C5EFCDD5-BAAE-41AB-AB8A-89363E69BB6C}.Debug|x64.ActiveCfg = Debug|x64
		{C5EFCDD5-BAAE-41AB-AB8A-89363E69BB6C}.Debug|x64.Build.0 = Debug|x64
		{C5EFCDD5-BAAE-41AB-AB8A-89363E69BB6C}.Debug|x86.ActiveCfg = Debug|Win32
		{C5EFCDD5-BAAE-41AB-AB8A-89363E69BB6C}.Debug|x86.Build.0 = Debug|Win32
		{C5EFCDD5-BAAE-41AB-AB8A-89363E69BB6C}.Release|x64.ActiveCfg = Release|x64
		{C5EFCDD5-BAAE-41AB-AB8A-89363E69BB6C}.Release|x64.Build.0 = Release|x64
		{C5EFCDD5-BAAE-41AB-AB8A-89363E69BB6C}.Release|x86.ActiveCfg = Release|Win32
		{C5EFCDD5-BAAE-41AB-AB8A-89363E69BB6C}.Release|x86.Build.0 = Release|Win32
		{38AEFC4C-94E8-444F-B075-1BD1E4266196}.Debug|x64.ActiveCfg = Debug|x64
		{38AEFC4C-94E8-444F-B075-1BD1E4266196}.Debug|x64.Build.0 = Debug|x64
		{38AEFC4C-94E8-444F-B075-1BD1E4266196}.Debug|x86.ActiveCfg = Debug|Win32
		{38AEFC4C-94E8-444F-B075-1BD1E4266196}.Debug|x86.Build.0 = Debug|Win32
		{38AEFC4C-94E8-444F-B075-1BD1E4266196}.Release|x64.ActiveCfg = Release|x64
		{38AEFC4C-94E8-444F-B075-1BD1E4266196}.Release|x64.Build.0 = Release|x64
		{38AEFC4C-94E8-444F-B075-1BD1E4266196}.Release|x86.ActiveCfg = Release|Win32
		{38AEFC4C-94E8-444F-B075-1BD1E4266196}.Release|x86.Build.0 = Release|Win32
		{8AF1E86B-7578-4D2A-BE72-D06F19275449}.Debug|x64.ActiveCfg = Debug|x64
		{8AF1E86B-7578-4D2A-BE72-D06F19275449}.Debug|x64.Build.0 = Debug|x64
		{8AF1E86B-7578-4D2A-BE72-D06F19275449}.Debug|x86.ActiveCfg = Debug|Win32
		{8AF1E86B-7578-4D2A-BE72-D06F19275449}.Debug|x86.Build.0 = Debug|Win32
		{8AF1E86B-7578-4D2A-BE72-D06F19275449}.Release|x64.ActiveCfg = Release|x64
		{8AF1E86B-7578-4D2A-BE72-D06F19275449}.Release|x64.Build.0 = Release|x64
		{8AF1E86B-7578-4D2A-BE72-D06F19275449}.Release|x86.ActiveCfg = Release|Win32
		{8AF1E86B-7578-4D2A-BE72-D06F19275449}.Release|x86.Build.0 = Release|Win32
		{9F0155D5-F27B-43E5-8A49-AC80B0D42302}.Debug|x64.ActiveCfg = Debug|x64
		{9F0155D5-F27B-43E5-8A49-AC80B0D42302}.Debug|x64.Build.0 = Debug|x64
		{9F0155D5-F27B-43E5-8A49-AC80B0D42302}.Debug|x86.ActiveCfg = Debug|Win32
		{9F0155D5-F27B-43E5-8A49-AC80B0D42302}.Debug|x86.Build.0 = Debug|Win32
		{9F0155D5-F27B-43E5-8A49-AC80B0D42302}.Release|x64.ActiveCfg = Release|x64
		{9F0155D5-F27B-43E5-8A49-AC80B0D42302}.Release|x64.Build.0 = Release|x64
		{9F0155D5-F27B-43E5-8A49-AC80B0D42302}.Release|x86.ActiveCfg = Release|Win32
		{9F0155D5-F27B-43E5-8A49-AC80B0D42302}.Release|x86.Build.0 = Release|Win32
		{1335779B-6F0A-4F8B-B11F-C072114B37A1}.Debug|x64.ActiveCfg = Debug|x64
		{1335779B-6F0A-4F8B-B11F-C072114B37A1}.Debug|x64.Build.0 = Debug|x64
		{1335779B-6F0A-4F8B-B11F-C072114B37A1}.Debug|x86.ActiveCfg = Debug|Win32
		{1335779B-6F0A-4F8B-B11F-C072114B37A1}.Debug|x86.Build.0 = Debug|Win32
		{1335779B-6F0A-4F8B-B11F-C072114B37A1}.Release|x64.ActiveCfg = Release|x64
		{1335779B-6F0A-4F8B-B11F-C072114B37A1}.Release|x64.Build.0 = Release|x64
		{1335779B-6F0A-4F8B-B11F-C072114B37A1}.Release|x86.ActiveCfg = Release|Win32
		{1335779B-6F0A-4F8B-B11F-C072114B37A1}.Release|x86.Build.0 = Release|Win32
		{D38C4F1C-4767-4A4F-BAE3-F634B6F4AD70}.Debug|x64.ActiveCfg = Debug|x64
		{D38C4F1C-4767-4A4F-BAE3-F634B6F4AD70}.Debug|x64.Build.0 = Debug|x64
		{D38C4F1C-4767-4A4F-BAE3-F634B6F4AD70}.Debug|x86.ActiveCfg = Debug|Win32
		{D38C4F1C-4767-4A4F-BAE3-F634B6F4AD70}.Debug|x86.Build.0 = Debug|Win32
		{D38C4F1C-4767-4A4F-BAE3-F634B6F4AD70}.Release|x64.ActiveCfg = Release|x64
		{D38C4F1C-4767-4A4F-BAE3-F634B6F4AD70}.Release|x64.Build.0 = Release|x64
		{D38C4F1C-4767-4A4F-BAE3-F634B6F4AD70}.Release|x86.ActiveCfg = Release|Win32
		{D38C4F1C-4767-4A4F-BAE3-F634B6F4AD70}.Release|x86.Build.0 = Release|Win32
	EndGlobalSection
	GlobalSection(SolutionProperties) = preSolution
		HideSolutionNode = FALSE
	EndGlobalSection
	GlobalSection(ExtensibilityGlobals) = postSolution
		SolutionGuid = {05CA612E-C4EB-4C5F-A89F-182B0A900DB5}
	EndGlobalSection
EndGlobal
